
Microsoft Visual Studio Solution File, Format Version 12.00
# Visual Studio 14
VisualStudioVersion = 14.0.25420.1
MinimumVisualStudioVersion = 10.0.40219.1
Project("{FAE04EC0-301F-11D3-BF4B-00C04F79EFBC}") = "Ksu.Cis300.ParenthesisMatcher", "Ksu.Cis300.ParenthesisMatcher\Ksu.Cis300.ParenthesisMatcher.csproj", "{88989776-A29E-43B9-B981-9AD445D029A8}"
EndProject
Global
	GlobalSection(SolutionConfigurationPlatforms) = preSolution
		Debug|Any CPU = Debug|Any CPU
		Release|Any CPU = Release|Any CPU
	EndGlobalSection
	GlobalSection(ProjectConfigurationPlatforms) = postSolution
		{88989776-A29E-43B9-B981-9AD445D029A8}.Debug|Any CPU.ActiveCfg = Debug|Any CPU
		{88989776-A29E-43B9-B981-9AD445D029A8}.Debug|Any CPU.Build.0 = Debug|Any CPU
		{88989776-A29E-43B9-B981-9AD445D029A8}.Release|Any CPU.ActiveCfg = Release|Any CPU
		{88989776-A29E-43B9-B981-9AD445D029A8}.Release|Any CPU.Build.0 = Release|Any CPU
	EndGlobalSection
	GlobalSection(SolutionProperties) = preSolution
		HideSolutionNode = FALSE
	EndGlobalSection
EndGlobal
